
Microsoft Visual Studio Solution File, Format Version 12.00
# Visual Studio 15
VisualStudioVersion = 15.0.27428.2037
MinimumVisualStudioVersion = 10.0.40219.1
Project("{FAE04EC0-301F-11D3-BF4B-00C04F79EFBC}") = "criandoInterfaces", "criandoInterfaces\criandoInterfaces.csproj", "{362BFBDB-9233-4131-A2B5-B00D1DCA2322}"
EndProject
Global
	GlobalSection(SolutionConfigurationPlatforms) = preSolution
		Debug|Any CPU = Debug|Any CPU
		Release|Any CPU = Release|Any CPU
	EndGlobalSection
	GlobalSection(ProjectConfigurationPlatforms) = postSolution
		{362BFBDB-9233-4131-A2B5-B00D1DCA2322}.Debug|Any CPU.ActiveCfg = Debug|Any CPU
		{362BFBDB-9233-4131-A2B5-B00D1DCA2322}.Debug|Any CPU.Build.0 = Debug|Any CPU
		{362BFBDB-9233-4131-A2B5-B00D1DCA2322}.Release|Any CPU.ActiveCfg = Release|Any CPU
		{362BFBDB-9233-4131-A2B5-B00D1DCA2322}.Release|Any CPU.Build.0 = Release|Any CPU
	EndGlobalSection
	GlobalSection(SolutionProperties) = preSolution
		HideSolutionNode = FALSE
	EndGlobalSection
	GlobalSection(ExtensibilityGlobals) = postSolution
		SolutionGuid = {B9AC3EEC-3A72-4532-B28A-DD902FB50EAF}
	EndGlobalSection
EndGlobal
